{
  "originHash" : "d1678d585391dfc715a1862c75f4c1da11e732807bd9c13ec51b44f1133193bf",
  "pins" : [
    {
      "identity" : "defaults",
      "kind" : "remoteSourceControl",
      "location" : "https://github.com/sindresorhus/Defaults",
      "state" : {
        "revision" : "229dea452fee8d2205f56a12e5c21dfec00948f2",
        "version" : "4.2.2"
      }
    },
    {
      "identity" : "keyboardshortcuts",
      "kind" : "remoteSourceControl",
      "location" : "https://github.com/sindresorhus/KeyboardShortcuts",
      "state" : {
        "revision" : "7ecc38bb6edf7d087d30e737057b8d8a9b7f51eb",
        "version" : "2.2.4"
      }
    },
    {
      "identity" : "launchatlogin",
      "kind" : "remoteSourceControl",
      "location" : "https://github.com/sindresorhus/LaunchAtLogin",
      "state" : {
        "revision" : "9a894d799269cb591037f9f9cb0961510d4dca81",
        "version" : "5.0.2"
      }
    },
    {
      "identity" : "sparkle",
      "kind" : "remoteSourceControl",
      "location" : "https://github.com/sparkle-project/Sparkle",
      "state" : {
        "revision" : "891afd44c7075e699924ed9b81d8dc94a5111dfd"
      }
    }
  ],
  "version" : 3
}
